{
  "version": 4,
  "terraform_version": "1.3.2",
  "serial": 4,
  "lineage": "bc65ed3a-6fec-0903-0a63-09cd1598707e",
  "outputs": {},
  "resources": [
    {
      "mode": "managed",
      "type": "aws_vpc",
      "name": "class1VPC",
      "provider": "provider[\"registry.terraform.io/hashicorp/aws\"]",
      "instances": [
        {
          "schema_version": 1,
          "attributes": {
            "arn": "arn:aws:ec2:us-east-1:570454594995:vpc/vpc-035423ca200b8975c",
            "assign_generated_ipv6_cidr_block": false,
            "cidr_block": "192.168.0.0/24",
            "default_network_acl_id": "acl-05b14761c5710d443",
            "default_route_table_id": "rtb-03761bcd9af9f7893",
            "default_security_group_id": "sg-0614c5de995494c0b",
            "dhcp_options_id": "dopt-0cbed5de779014017",
            "enable_dns_hostnames": false,
            "enable_dns_support": true,
            "enable_network_address_usage_metrics": false,
            "id": "vpc-035423ca200b8975c",
            "instance_tenancy": "default",
            "ipv4_ipam_pool_id": null,
            "ipv4_netmask_length": null,
            "ipv6_association_id": "",
            "ipv6_cidr_block": "",
            "ipv6_cidr_block_network_border_group": "",
            "ipv6_ipam_pool_id": "",
            "ipv6_netmask_length": 0,
            "main_route_table_id": "rtb-03761bcd9af9f7893",
            "owner_id": "570454594995",
            "tags": {
              "Name": "class1VPC"
            },
            "tags_all": {
              "Name": "class1VPC"
            }
          },
          "sensitive_attributes": [],
          "private": "eyJzY2hlbWFfdmVyc2lvbiI6IjEifQ=="
        }
      ]
    }
  ],
  "check_results": []
}
